
Microsoft Visual Studio Solution File, Format Version 12.00
# Visual Studio Version 17
VisualStudioVersion = 17.0.32014.148
MinimumVisualStudioVersion = 10.0.40219.1
Project("{FAE04EC0-301F-11D3-BF4B-00C04F79EFBC}") = "VTeam", "VTeam\VTeam.csproj", "{F004132E-D003-4A0A-A6C5-2DD0A49EA19C}"
EndProject
Project("{FAE04EC0-301F-11D3-BF4B-00C04F79EFBC}") = "VLib", "VLib\VLib.csproj", "{DC735543-5266-4182-A6DF-B11E6F6BC519}"
EndProject
Global
	GlobalSection(SolutionConfigurationPlatforms) = preSolution
		Debug|Any CPU = Debug|Any CPU
		Release|Any CPU = Release|Any CPU
	EndGlobalSection
	GlobalSection(ProjectConfigurationPlatforms) = postSolution
		{F004132E-D003-4A0A-A6C5-2DD0A49EA19C}.Debug|Any CPU.ActiveCfg = Debug|Any CPU
		{F004132E-D003-4A0A-A6C5-2DD0A49EA19C}.Debug|Any CPU.Build.0 = Debug|Any CPU
		{F004132E-D003-4A0A-A6C5-2DD0A49EA19C}.Release|Any CPU.ActiveCfg = Release|Any CPU
		{F004132E-D003-4A0A-A6C5-2DD0A49EA19C}.Release|Any CPU.Build.0 = Release|Any CPU
		{DC735543-5266-4182-A6DF-B11E6F6BC519}.Debug|Any CPU.ActiveCfg = Debug|Any CPU
		{DC735543-5266-4182-A6DF-B11E6F6BC519}.Debug|Any CPU.Build.0 = Debug|Any CPU
		{DC735543-5266-4182-A6DF-B11E6F6BC519}.Release|Any CPU.ActiveCfg = Release|Any CPU
		{DC735543-5266-4182-A6DF-B11E6F6BC519}.Release|Any CPU.Build.0 = Release|Any CPU
	EndGlobalSection
	GlobalSection(SolutionProperties) = preSolution
		HideSolutionNode = FALSE
	EndGlobalSection
	GlobalSection(ExtensibilityGlobals) = postSolution
		SolutionGuid = {3A9DDB29-66B9-4EEA-B02E-EDE33D21CFCD}
	EndGlobalSection
EndGlobal
